// !$*UTF8*$!
{
	archiveVersion = 1;
	classes = {
	};
	objectVersion = 55;
	objects = {

/* Begin PBXBuildFile section */
		D4565CD02802F43000C4DFC4 /* AppDelegate.swift in Sources */ = {isa = PBXBuildFile; fileRef = D4565CCF2802F43000C4DFC4 /* AppDelegate.swift */; };
		D4565CD22802F43000C4DFC4 /* SceneDelegate.swift in Sources */ = {isa = PBXBuildFile; fileRef = D4565CD12802F43000C4DFC4 /* SceneDelegate.swift */; };
		D4565CD42802F43000C4DFC4 /* ViewController.swift in Sources */ = {isa = PBXBuildFile; fileRef = D4565CD32802F43000C4DFC4 /* ViewController.swift */; };
		D4565CD72802F43000C4DFC4 /* Main.storyboard in Resources */ = {isa = PBXBuildFile; fileRef = D4565CD52802F43000C4DFC4 /* Main.storyboard */; };
		D4565CD92802F43100C4DFC4 /* Assets.xcassets in Resources */ = {isa = PBXBuildFile; fileRef = D4565CD82802F43100C4DFC4 /* Assets.xcassets */; };
		D4565CDC2802F43100C4DFC4 /* LaunchScreen.storyboard in Resources */ = {isa = PBXBuildFile; fileRef = D4565CDA2802F43100C4DFC4 /* LaunchScreen.storyboard */; };
		D4565CE42802F61100C4DFC4 /* PersonListDetailsViewController.swift in Sources */ = {isa = PBXBuildFile; fileRef = D4565CE32802F61100C4DFC4 /* PersonListDetailsViewController.swift */; };
		D4565CE82802F7AE00C4DFC4 /* Person.swift in Sources */ = {isa = PBXBuildFile; fileRef = D4565CE72802F7AE00C4DFC4 /* Person.swift */; };
		D4E2D2C828033C710068A83C /* NetworkManager.swift in Sources */ = {isa = PBXBuildFile; fileRef = D4E2D2C728033C710068A83C /* NetworkManager.swift */; };
/* End PBXBuildFile section */

/* Begin PBXFileReference section */
		D4565CCC2802F43000C4DFC4 /* NewUserContactList.app */ = {isa = PBXFileReference; explicitFileType = wrapper.application; includeInIndex = 0; path = NewUserContactList.app; sourceTree = BUILT_PRODUCTS_DIR; };
		D4565CCF2802F43000C4DFC4 /* AppDelegate.swift */ = {isa = PBXFileReference; lastKnownFileType = sourcecode.swift; path = AppDelegate.swift; sourceTree = "<group>"; };
		D4565CD12802F43000C4DFC4 /* SceneDelegate.swift */ = {isa = PBXFileReference; lastKnownFileType = sourcecode.swift; path = SceneDelegate.swift; sourceTree = "<group>"; };
		D4565CD32802F43000C4DFC4 /* ViewController.swift */ = {isa = PBXFileReference; lastKnownFileType = sourcecode.swift; path = ViewController.swift; sourceTree = "<group>"; };
		D4565CD62802F43000C4DFC4 /* Base */ = {isa = PBXFileReference; lastKnownFileType = file.storyboard; name = Base; path = Base.lproj/Main.storyboard; sourceTree = "<group>"; };
		D4565CD82802F43100C4DFC4 /* Assets.xcassets */ = {isa = PBXFileReference; lastKnownFileType = folder.assetcatalog; path = Assets.xcassets; sourceTree = "<group>"; };
		D4565CDB2802F43100C4DFC4 /* Base */ = {isa = PBXFileReference; lastKnownFileType = file.storyboard; name = Base; path = Base.lproj/LaunchScreen.storyboard; sourceTree = "<group>"; };
		D4565CDD2802F43100C4DFC4 /* Info.plist */ = {isa = PBXFileReference; lastKnownFileType = text.plist.xml; path = Info.plist; sourceTree = "<group>"; };
		D4565CE32802F61100C4DFC4 /* PersonListDetailsViewController.swift */ = {isa = PBXFileReference; lastKnownFileType = sourcecode.swift; path = PersonListDetailsViewController.swift; sourceTree = "<group>"; };
		D4565CE72802F7AE00C4DFC4 /* Person.swift */ = {isa = PBXFileReference; lastKnownFileType = sourcecode.swift; path = Person.swift; sourceTree = "<group>"; };
		D4E2D2C728033C710068A83C /* NetworkManager.swift */ = {isa = PBXFileReference; lastKnownFileType = sourcecode.swift; path = NetworkManager.swift; sourceTree = "<group>"; };
/* End PBXFileReference section */

/* Begin PBXFrameworksBuildPhase section */
		D4565CC92802F43000C4DFC4 /* Frameworks */ = {
			isa = PBXFrameworksBuildPhase;
			buildActionMask = 2147483647;
			files = (
			);
			runOnlyForDeploymentPostprocessing = 0;
		};
/* End PBXFrameworksBuildPhase section */

/* Begin PBXGroup section */
		D4565CC32802F43000C4DFC4 = {
			isa = PBXGroup;
			children = (
				D4565CCE2802F43000C4DFC4 /* NewUserContactList */,
				D4565CCD2802F43000C4DFC4 /* Products */,
			);
			sourceTree = "<group>";
		};
		D4565CCD2802F43000C4DFC4 /* Products */ = {
			isa = PBXGroup;
			children = (
				D4565CCC2802F43000C4DFC4 /* NewUserContactList.app */,
			);
			name = Products;
			sourceTree = "<group>";
		};
		D4565CCE2802F43000C4DFC4 /* NewUserContactList */ = {
			isa = PBXGroup;
			children = (
				D4565CE62802F76A00C4DFC4 /* Models */,
				D4565CE52802F61C00C4DFC4 /* ViewController */,
				D4E2D2C928033C840068A83C /* Services */,
				D4E2D2CA28037B3E0068A83C /* Storyboards */,
				D4E2D2CB28037B4A0068A83C /* Resources */,
				D4E2D2CC28037B520068A83C /* App */,
			);
			path = NewUserContactList;
			sourceTree = "<group>";
		};
		D4565CE52802F61C00C4DFC4 /* ViewController */ = {
			isa = PBXGroup;
			children = (
				D4565CE32802F61100C4DFC4 /* PersonListDetailsViewController.swift */,
				D4565CD32802F43000C4DFC4 /* ViewController.swift */,
			);
			path = ViewController;
			sourceTree = "<group>";
		};
		D4565CE62802F76A00C4DFC4 /* Models */ = {
			isa = PBXGroup;
			children = (
				D4565CE72802F7AE00C4DFC4 /* Person.swift */,
			);
			path = Models;
			sourceTree = "<group>";
		};
		D4E2D2C928033C840068A83C /* Services */ = {
			isa = PBXGroup;
			children = (
				D4E2D2C728033C710068A83C /* NetworkManager.swift */,
			);
			path = Services;
			sourceTree = "<group>";
		};
		D4E2D2CA28037B3E0068A83C /* Storyboards */ = {
			isa = PBXGroup;
			children = (
				D4565CD52802F43000C4DFC4 /* Main.storyboard */,
				D4565CDA2802F43100C4DFC4 /* LaunchScreen.storyboard */,
			);
			path = Storyboards;
			sourceTree = "<group>";
		};
		D4E2D2CB28037B4A0068A83C /* Resources */ = {
			isa = PBXGroup;
			children = (
				D4565CD82802F43100C4DFC4 /* Assets.xcassets */,
			);
			path = Resources;
			sourceTree = "<group>";
		};
		D4E2D2CC28037B520068A83C /* App */ = {
			isa = PBXGroup;
			children = (
				D4565CCF2802F43000C4DFC4 /* AppDelegate.swift */,
				D4565CD12802F43000C4DFC4 /* SceneDelegate.swift */,
				D4565CDD2802F43100C4DFC4 /* Info.plist */,
			);
			path = App;
			sourceTree = "<group>";
		};
/* End PBXGroup section */

/* Begin PBXNativeTarget section */
		D4565CCB2802F43000C4DFC4 /* NewUserContactList */ = {
			isa = PBXNativeTarget;
			buildConfigurationList = D4565CE02802F43100C4DFC4 /* Build configuration list for PBXNativeTarget "NewUserContactList" */;
			buildPhases = (
				D4565CC82802F43000C4DFC4 /* Sources */,
				D4565CC92802F43000C4DFC4 /* Frameworks */,
				D4565CCA2802F43000C4DFC4 /* Resources */,
			);
			buildRules = (
			);
			dependencies = (
			);
			name = NewUserContactList;
			productName = NewUserContactList;
			productReference = D4565CCC2802F43000C4DFC4 /* NewUserContactList.app */;
			productType = "com.apple.product-type.application";
		};
/* End PBXNativeTarget section */

/* Begin PBXProject section */
		D4565CC42802F43000C4DFC4 /* Project object */ = {
			isa = PBXProject;
			attributes = {
				BuildIndependentTargetsInParallel = 1;
				LastSwiftUpdateCheck = 1330;
				LastUpgradeCheck = 1330;
				TargetAttributes = {
					D4565CCB2802F43000C4DFC4 = {
						CreatedOnToolsVersion = 13.3;
					};
				};
			};
			buildConfigurationList = D4565CC72802F43000C4DFC4 /* Build configuration list for PBXProject "NewUserContactList" */;
			compatibilityVersion = "Xcode 13.0";
			developmentRegion = en;
			hasScannedForEncodings = 0;
			knownRegions = (
				en,
				Base,
			);
			mainGroup = D4565CC32802F43000C4DFC4;
			productRefGroup = D4565CCD2802F43000C4DFC4 /* Products */;
			projectDirPath = "";
			projectRoot = "";
			targets = (
				D4565CCB2802F43000C4DFC4 /* NewUserContactList */,
			);
		};
/* End PBXProject section */

/* Begin PBXResourcesBuildPhase section */
		D4565CCA2802F43000C4DFC4 /* Resources */ = {
			isa = PBXResourcesBuildPhase;
			buildActionMask = 2147483647;
			files = (
				D4565CDC2802F43100C4DFC4 /* LaunchScreen.storyboard in Resources */,
				D4565CD92802F43100C4DFC4 /* Assets.xcassets in Resources */,
				D4565CD72802F43000C4DFC4 /* Main.storyboard in Resources */,
			);
			runOnlyForDeploymentPostprocessing = 0;
		};
/* End PBXResourcesBuildPhase section */

/* Begin PBXSourcesBuildPhase section */
		D4565CC82802F43000C4DFC4 /* Sources */ = {
			isa = PBXSourcesBuildPhase;
			buildActionMask = 2147483647;
			files = (
				D4E2D2C828033C710068A83C /* NetworkManager.swift in Sources */,
				D4565CE82802F7AE00C4DFC4 /* Person.swift in Sources */,
				D4565CE42802F61100C4DFC4 /* PersonListDetailsViewController.swift in Sources */,
				D4565CD42802F43000C4DFC4 /* ViewController.swift in Sources */,
				D4565CD02802F43000C4DFC4 /* AppDelegate.swift in Sources */,
				D4565CD22802F43000C4DFC4 /* SceneDelegate.swift in Sources */,
			);
			runOnlyForDeploymentPostprocessing = 0;
		};
/* End PBXSourcesBuildPhase section */

/* Begin PBXVariantGroup section */
		D4565CD52802F43000C4DFC4 /* Main.storyboard */ = {
			isa = PBXVariantGroup;
			children = (
				D4565CD62802F43000C4DFC4 /* Base */,
			);
			name = Main.storyboard;
			sourceTree = "<group>";
		};
		D4565CDA2802F43100C4DFC4 /* LaunchScreen.storyboard */ = {
			isa = PBXVariantGroup;
			children = (
				D4565CDB2802F43100C4DFC4 /* Base */,
			);
			name = LaunchScreen.storyboard;
			sourceTree = "<group>";
		};
/* End PBXVariantGroup section */

/* Begin XCBuildConfiguration section */
		D4565CDE2802F43100C4DFC4 /* Debug */ = {
			isa = XCBuildConfiguration;
			buildSettings = {
				ALWAYS_SEARCH_USER_PATHS = NO;
				CLANG_ANALYZER_NONNULL = YES;
				CLANG_ANALYZER_NUMBER_OBJECT_CONVERSION = YES_AGGRESSIVE;
				CLANG_CXX_LANGUAGE_STANDARD = "gnu++17";
				CLANG_ENABLE_MODULES = YES;
				CLANG_ENABLE_OBJC_ARC = YES;
				CLANG_ENABLE_OBJC_WEAK = YES;
				CLANG_WARN_BLOCK_CAPTURE_AUTORELEASING = YES;
				CLANG_WARN_BOOL_CONVERSION = YES;
				CLANG_WARN_COMMA = YES;
				CLANG_WARN_CONSTANT_CONVERSION = YES;
				CLANG_WARN_DEPRECATED_OBJC_IMPLEMENTATIONS = YES;
				CLANG_WARN_DIRECT_OBJC_ISA_USAGE = YES_ERROR;
				CLANG_WARN_DOCUMENTATION_COMMENTS = YES;
				CLANG_WARN_EMPTY_BODY = YES;
				CLANG_WARN_ENUM_CONVERSION = YES;
				CLANG_WARN_INFINITE_RECURSION = YES;
				CLANG_WARN_INT_CONVERSION = YES;
				CLANG_WARN_NON_LITERAL_NULL_CONVERSION = YES;
				CLANG_WARN_OBJC_IMPLICIT_RETAIN_SELF = YES;
				CLANG_WARN_OBJC_LITERAL_CONVERSION = YES;
				CLANG_WARN_OBJC_ROOT_CLASS = YES_ERROR;
				CLANG_WARN_QUOTED_INCLUDE_IN_FRAMEWORK_HEADER = YES;
				CLANG_WARN_RANGE_LOOP_ANALYSIS = YES;
				CLANG_WARN_STRICT_PROTOTYPES = YES;
				CLANG_WARN_SUSPICIOUS_MOVE = YES;
				CLANG_WARN_UNGUARDED_AVAILABILITY = YES_AGGRESSIVE;
				CLANG_WARN_UNREACHABLE_CODE = YES;
				CLANG_WARN__DUPLICATE_METHOD_MATCH = YES;
				COPY_PHASE_STRIP = NO;
				DEBUG_INFORMATION_FORMAT = dwarf;
				ENABLE_STRICT_OBJC_MSGSEND = YES;
				ENABLE_TESTABILITY = YES;
				GCC_C_LANGUAGE_STANDARD = gnu11;
				GCC_DYNAMIC_NO_PIC = NO;
				GCC_NO_COMMON_BLOCKS = YES;
				GCC_OPTIMIZATION_LEVEL = 0;
				GCC_PREPROCESSOR_DEFINITIONS = (
					"DEBUG=1",
					"$(inherited)",
				);
				GCC_WARN_64_TO_32_BIT_CONVERSION = YES;
				GCC_WARN_ABOUT_RETURN_TYPE = YES_ERROR;
				GCC_WARN_UNDECLARED_SELECTOR = YES;
				GCC_WARN_UNINITIALIZED_AUTOS = YES_AGGRESSIVE;
				GCC_WARN_UNUSED_FUNCTION = YES;
				GCC_WARN_UNUSED_VARIABLE = YES;
				IPHONEOS_DEPLOYMENT_TARGET = 15.4;
				MTL_ENABLE_DEBUG_INFO = INCLUDE_SOURCE;
				MTL_FAST_MATH = YES;
				ONLY_ACTIVE_ARCH = YES;
				SDKROOT = iphoneos;
				SWIFT_ACTIVE_COMPILATION_CONDITIONS = DEBUG;
				SWIFT_OPTIMIZATION_LEVEL = "-Onone";
			};
			name = Debug;
		};
		D4565CDF2802F43100C4DFC4 /* Release */ = {
			isa = XCBuildConfiguration;
			buildSettings = {
				ALWAYS_SEARCH_USER_PATHS = NO;
				CLANG_ANALYZER_NONNULL = YES;
				CLANG_ANALYZER_NUMBER_OBJECT_CONVERSION = YES_AGGRESSIVE;
				CLANG_CXX_LANGUAGE_STANDARD = "gnu++17";
				CLANG_ENABLE_MODULES = YES;
				CLANG_ENABLE_OBJC_ARC = YES;
				CLANG_ENABLE_OBJC_WEAK = YES;
				CLANG_WARN_BLOCK_CAPTURE_AUTORELEASING = YES;
				CLANG_WARN_BOOL_CONVERSION = YES;
				CLANG_WARN_COMMA = YES;
				CLANG_WARN_CONSTANT_CONVERSION = YES;
				CLANG_WARN_DEPRECATED_OBJC_IMPLEMENTATIONS = YES;
				CLANG_WARN_DIRECT_OBJC_ISA_USAGE = YES_ERROR;
				CLANG_WARN_DOCUMENTATION_COMMENTS = YES;
				CLANG_WARN_EMPTY_BODY = YES;
				CLANG_WARN_ENUM_CONVERSION = YES;
				CLANG_WARN_INFINITE_RECURSION = YES;
				CLANG_WARN_INT_CONVERSION = YES;
				CLANG_WARN_NON_LITERAL_NULL_CONVERSION = YES;
				CLANG_WARN_OBJC_IMPLICIT_RETAIN_SELF = YES;
				CLANG_WARN_OBJC_LITERAL_CONVERSION = YES;
				CLANG_WARN_OBJC_ROOT_CLASS = YES_ERROR;
				CLANG_WARN_QUOTED_INCLUDE_IN_FRAMEWORK_HEADER = YES;
				CLANG_WARN_RANGE_LOOP_ANALYSIS = YES;
				CLANG_WARN_STRICT_PROTOTYPES = YES;
				CLANG_WARN_SUSPICIOUS_MOVE = YES;
				CLANG_WARN_UNGUARDED_AVAILABILITY = YES_AGGRESSIVE;
				CLANG_WARN_UNREACHABLE_CODE = YES;
				CLANG_WARN__DUPLICATE_METHOD_MATCH = YES;
				COPY_PHASE_STRIP = NO;
				DEBUG_INFORMATION_FORMAT = "dwarf-with-dsym";
				ENABLE_NS_ASSERTIONS = NO;
				ENABLE_STRICT_OBJC_MSGSEND = YES;
				GCC_C_LANGUAGE_STANDARD = gnu11;
				GCC_NO_COMMON_BLOCKS = YES;
				GCC_WARN_64_TO_32_BIT_CONVERSION = YES;
				GCC_WARN_ABOUT_RETURN_TYPE = YES_ERROR;
				GCC_WARN_UNDECLARED_SELECTOR = YES;
				GCC_WARN_UNINITIALIZED_AUTOS = YES_AGGRESSIVE;
				GCC_WARN_UNUSED_FUNCTION = YES;
				GCC_WARN_UNUSED_VARIABLE = YES;
				IPHONEOS_DEPLOYMENT_TARGET = 15.4;
				MTL_ENABLE_DEBUG_INFO = NO;
				MTL_FAST_MATH = YES;
				SDKROOT = iphoneos;
				SWIFT_COMPILATION_MODE = wholemodule;
				SWIFT_OPTIMIZATION_LEVEL = "-O";
				VALIDATE_PRODUCT = YES;
			};
			name = Release;
		};
		D4565CE12802F43100C4DFC4 /* Debug */ = {
			isa = XCBuildConfiguration;
			buildSettings = {
				ASSETCATALOG_COMPILER_APPICON_NAME = AppIcon;
				ASSETCATALOG_COMPILER_GLOBAL_ACCENT_COLOR_NAME = AccentColor;
				CODE_SIGN_STYLE = Automatic;
				CURRENT_PROJECT_VERSION = 1;
				DEVELOPMENT_TEAM = VWJHPQLGW8;
				GENERATE_INFOPLIST_FILE = YES;
				INFOPLIST_FILE = NewUserContactList/App/Info.plist;
				INFOPLIST_KEY_UIApplicationSupportsIndirectInputEvents = YES;
				INFOPLIST_KEY_UILaunchStoryboardName = LaunchScreen;
				INFOPLIST_KEY_UIMainStoryboardFile = Main;
				INFOPLIST_KEY_UISupportedInterfaceOrientations_iPad = "UIInterfaceOrientationPortrait UIInterfaceOrientationPortraitUpsideDown UIInterfaceOrientationLandscapeLeft UIInterfaceOrientationLandscapeRight";
				INFOPLIST_KEY_UISupportedInterfaceOrientations_iPhone = "UIInterfaceOrientationPortrait UIInterfaceOrientationLandscapeLeft UIInterfaceOrientationLandscapeRight";
				LD_RUNPATH_SEARCH_PATHS = (
					"$(inherited)",
					"@executable_path/Frameworks",
				);
				MARKETING_VERSION = 1.0;
				PRODUCT_BUNDLE_IDENTIFIER = AleksandrF..NewUserContactList;
				PRODUCT_NAME = "$(TARGET_NAME)";
				SWIFT_EMIT_LOC_STRINGS = YES;
				SWIFT_VERSION = 5.0;
				TARGETED_DEVICE_FAMILY = "1,2";
			};
			name = Debug;
		};
		D4565CE22802F43100C4DFC4 /* Release */ = {
			isa = XCBuildConfiguration;
			buildSettings = {
				ASSETCATALOG_COMPILER_APPICON_NAME = AppIcon;
				ASSETCATALOG_COMPILER_GLOBAL_ACCENT_COLOR_NAME = AccentColor;
				CODE_SIGN_STYLE = Automatic;
				CURRENT_PROJECT_VERSION = 1;
				DEVELOPMENT_TEAM = VWJHPQLGW8;
				GENERATE_INFOPLIST_FILE = YES;
				INFOPLIST_FILE = NewUserContactList/App/Info.plist;
				INFOPLIST_KEY_UIApplicationSupportsIndirectInputEvents = YES;
				INFOPLIST_KEY_UILaunchStoryboardName = LaunchScreen;
				INFOPLIST_KEY_UIMainStoryboardFile = Main;
				INFOPLIST_KEY_UISupportedInterfaceOrientations_iPad = "UIInterfaceOrientationPortrait UIInterfaceOrientationPortraitUpsideDown UIInterfaceOrientationLandscapeLeft UIInterfaceOrientationLandscapeRight";
				INFOPLIST_KEY_UISupportedInterfaceOrientations_iPhone = "UIInterfaceOrientationPortrait UIInterfaceOrientationLandscapeLeft UIInterfaceOrientationLandscapeRight";
				LD_RUNPATH_SEARCH_PATHS = (
					"$(inherited)",
					"@executable_path/Frameworks",
				);
				MARKETING_VERSION = 1.0;
				PRODUCT_BUNDLE_IDENTIFIER = AleksandrF..NewUserContactList;
				PRODUCT_NAME = "$(TARGET_NAME)";
				SWIFT_EMIT_LOC_STRINGS = YES;
				SWIFT_VERSION = 5.0;
				TARGETED_DEVICE_FAMILY = "1,2";
			};
			name = Release;
		};
/* End XCBuildConfiguration section */

/* Begin XCConfigurationList section */
		D4565CC72802F43000C4DFC4 /* Build configuration list for PBXProject "NewUserContactList" */ = {
			isa = XCConfigurationList;
			buildConfigurations = (
				D4565CDE2802F43100C4DFC4 /* Debug */,
				D4565CDF2802F43100C4DFC4 /* Release */,
			);
			defaultConfigurationIsVisible = 0;
			defaultConfigurationName = Release;
		};
		D4565CE02802F43100C4DFC4 /* Build configuration list for PBXNativeTarget "NewUserContactList" */ = {
			isa = XCConfigurationList;
			buildConfigurations = (
				D4565CE12802F43100C4DFC4 /* Debug */,
				D4565CE22802F43100C4DFC4 /* Release */,
			);
			defaultConfigurationIsVisible = 0;
			defaultConfigurationName = Release;
		};
/* End XCConfigurationList section */
	};
	rootObject = D4565CC42802F43000C4DFC4 /* Project object */;
}
